
Microsoft Visual Studio Solution File, Format Version 12.00
# Visual Studio Version 16
VisualStudioVersion = 16.0.30907.101
MinimumVisualStudioVersion = 10.0.40219.1
Project("{FAE04EC0-301F-11D3-BF4B-00C04F79EFBC}") = "SharedTravel", "SharedTravel\SharedTravel.csproj", "{F9E978C7-0120-4BBC-BCA5-69C69C4DFA3E}"
EndProject
Global
	GlobalSection(SolutionConfigurationPlatforms) = preSolution
		Debug|Any CPU = Debug|Any CPU
		Release|Any CPU = Release|Any CPU
	EndGlobalSection
	GlobalSection(ProjectConfigurationPlatforms) = postSolution
		{F9E978C7-0120-4BBC-BCA5-69C69C4DFA3E}.Debug|Any CPU.ActiveCfg = Debug|Any CPU
		{F9E978C7-0120-4BBC-BCA5-69C69C4DFA3E}.Debug|Any CPU.Build.0 = Debug|Any CPU
		{F9E978C7-0120-4BBC-BCA5-69C69C4DFA3E}.Release|Any CPU.ActiveCfg = Release|Any CPU
		{F9E978C7-0120-4BBC-BCA5-69C69C4DFA3E}.Release|Any CPU.Build.0 = Release|Any CPU
	EndGlobalSection
	GlobalSection(SolutionProperties) = preSolution
		HideSolutionNode = FALSE
	EndGlobalSection
	GlobalSection(ExtensibilityGlobals) = postSolution
		SolutionGuid = {A2041141-E1D8-46A6-8B00-E3DCD5872601}
	EndGlobalSection
EndGlobal
